lockfileVersion: '9.0'

settings:
  autoInstallPeers: true
  excludeLinksFromLockfile: false

importers:

  .:
    dependencies:
      '@mantine/core':
        specifier: ^7.13.3
        version: 7.13.3(@mantine/hooks@7.13.3(react@19.0.0-rc-65a56d0e-20241020))(@types/react@18.3.11)(react-dom@19.0.0-rc-65a56d0e-20241020(react@19.0.0-rc-65a56d0e-20241020))(react@19.0.0-rc-65a56d0e-20241020)
      '@mantine/form':
        specifier: ^7.13.4
        version: 7.13.4(react@19.0.0-rc-65a56d0e-20241020)
      '@tabler/icons-react':
        specifier: ^3.20.0
        version: 3.20.0(react@19.0.0-rc-65a56d0e-20241020)
      axios:
        specifier: ^1.7.7
        version: 1.7.7
      next:
        specifier: 15.0.0
        version: 15.0.0(react-dom@19.0.0-rc-65a56d0e-20241020(react@19.0.0-rc-65a56d0e-20241020))(react@19.0.0-rc-65a56d0e-20241020)
      react:
        specifier: 19.0.0-rc-65a56d0e-20241020
        version: 19.0.0-rc-65a56d0e-20241020
      react-dom:
        specifier: 19.0.0-rc-65a56d0e-20241020
        version: 19.0.0-rc-65a56d0e-20241020(react@19.0.0-rc-65a56d0e-20241020)
    devDependencies:
      '@biomejs/biome':
        specifier: 1.9.4
        version: 1.9.4
      '@types/node':
        specifier: ^20
        version: 20.16.14
      '@types/react':
        specifier: ^18
        version: 18.3.11
      '@types/react-dom':
        specifier: ^18
        version: 18.3.1
      typescript:
        specifier: ^5
        version: 5.6.3

packages:

  '@babel/runtime@7.25.9':
    resolution: {integrity: sha512-4zpTHZ9Cm6L9L+uIqghQX8ZXg8HKFcjYO3qHoO8zTmRm6HQUJ8SSJ+KRvbMBZn0EGVlT4DRYeQ/6hjlyXBh+Kg==}
    engines: {node: '>=6.9.0'}

  '@biomejs/biome@1.9.4':
    resolution: {integrity: sha512-1rkd7G70+o9KkTn5KLmDYXihGoTaIGO9PIIN2ZB7UJxFrWw04CZHPYiMRjYsaDvVV7hP1dYNRLxSANLaBFGpog==}
    engines: {node: '>=14.21.3'}
    hasBin: true

  '@biomejs/cli-darwin-arm64@1.9.4':
    resolution: {integrity: sha512-bFBsPWrNvkdKrNCYeAp+xo2HecOGPAy9WyNyB/jKnnedgzl4W4Hb9ZMzYNbf8dMCGmUdSavlYHiR01QaYR58cw==}
    engines: {node: '>=14.21.3'}
    cpu: [arm64]
    os: [darwin]

  '@biomejs/cli-darwin-x64@1.9.4':
    resolution: {integrity: sha512-ngYBh/+bEedqkSevPVhLP4QfVPCpb+4BBe2p7Xs32dBgs7rh9nY2AIYUL6BgLw1JVXV8GlpKmb/hNiuIxfPfZg==}
    engines: {node: '>=14.21.3'}
    cpu: [x64]
    os: [darwin]

  '@biomejs/cli-linux-arm64-musl@1.9.4':
    resolution: {integrity: sha512-v665Ct9WCRjGa8+kTr0CzApU0+XXtRgwmzIf1SeKSGAv+2scAlW6JR5PMFo6FzqqZ64Po79cKODKf3/AAmECqA==}
    engines: {node: '>=14.21.3'}
    cpu: [arm64]
    os: [linux]

  '@biomejs/cli-linux-arm64@1.9.4':
    resolution: {integrity: sha512-fJIW0+LYujdjUgJJuwesP4EjIBl/N/TcOX3IvIHJQNsAqvV2CHIogsmA94BPG6jZATS4Hi+xv4SkBBQSt1N4/g==}
    engines: {node: '>=14.21.3'}
    cpu: [arm64]
    os: [linux]

  '@biomejs/cli-linux-x64-musl@1.9.4':
    resolution: {integrity: sha512-gEhi/jSBhZ2m6wjV530Yy8+fNqG8PAinM3oV7CyO+6c3CEh16Eizm21uHVsyVBEB6RIM8JHIl6AGYCv6Q6Q9Tg==}
    engines: {node: '>=14.21.3'}
    cpu: [x64]
    os: [linux]

  '@biomejs/cli-linux-x64@1.9.4':
    resolution: {integrity: sha512-lRCJv/Vi3Vlwmbd6K+oQ0KhLHMAysN8lXoCI7XeHlxaajk06u7G+UsFSO01NAs5iYuWKmVZjmiOzJ0OJmGsMwg==}
    engines: {node: '>=14.21.3'}
    cpu: [x64]
    os: [linux]

  '@biomejs/cli-win32-arm64@1.9.4':
    resolution: {integrity: sha512-tlbhLk+WXZmgwoIKwHIHEBZUwxml7bRJgk0X2sPyNR3S93cdRq6XulAZRQJ17FYGGzWne0fgrXBKpl7l4M87Hg==}
    engines: {node: '>=14.21.3'}
    cpu: [arm64]
    os: [win32]

  '@biomejs/cli-win32-x64@1.9.4':
    resolution: {integrity: sha512-8Y5wMhVIPaWe6jw2H+KlEm4wP/f7EW3810ZLmDlrEEy5KvBsb9ECEfu/kMWD484ijfQ8+nIi0giMgu9g1UAuuA==}
    engines: {node: '>=14.21.3'}
    cpu: [x64]
    os: [win32]

  '@emnapi/runtime@1.3.1':
    resolution: {integrity: sha512-kEBmG8KyqtxJZv+ygbEim+KCGtIq1fC22Ms3S4ziXmYKm8uyoLX0MHONVKwp+9opg390VaKRNt4a7A9NwmpNhw==}

  '@floating-ui/core@1.6.8':
    resolution: {integrity: sha512-7XJ9cPU+yI2QeLS+FCSlqNFZJq8arvswefkZrYI1yQBbftw6FyrZOxYSh+9S7z7TpeWlRt9zJ5IhM1WIL334jA==}

  '@floating-ui/dom@1.6.11':
    resolution: {integrity: sha512-qkMCxSR24v2vGkhYDo/UzxfJN3D4syqSjyuTFz6C7XcpU1pASPRieNI0Kj5VP3/503mOfYiGY891ugBX1GlABQ==}

  '@floating-ui/react-dom@2.1.2':
    resolution: {integrity: sha512-06okr5cgPzMNBy+Ycse2A6udMi4bqwW/zgBF/rwjcNqWkyr82Mcg8b0vjX8OJpZFy/FKjJmw6wV7t44kK6kW7A==}
    peerDependencies:
      react: '>=16.8.0'
      react-dom: '>=16.8.0'

  '@floating-ui/react@0.26.25':
    resolution: {integrity: sha512-hZOmgN0NTOzOuZxI1oIrDu3Gcl8WViIkvPMpB4xdd4QD6xAMtwgwr3VPoiyH/bLtRcS1cDnhxLSD1NsMJmwh/A==}
    peerDependencies:
      react: '>=16.8.0'
      react-dom: '>=16.8.0'

  '@floating-ui/utils@0.2.8':
    resolution: {integrity: sha512-kym7SodPp8/wloecOpcmSnWJsK7M0E5Wg8UcFA+uO4B9s5d0ywXOEro/8HM9x0rW+TljRzul/14UYz3TleT3ig==}

  '@img/sharp-darwin-arm64@0.33.5':
    resolution: {integrity: sha512-UT4p+iz/2H4twwAoLCqfA9UH5pI6DggwKEGuaPy7nCVQ8ZsiY5PIcrRvD1DzuY3qYL07NtIQcWnBSY/heikIFQ==}
    engines: {node: ^18.17.0 || ^20.3.0 || >=21.0.0}
    cpu: [arm64]
    os: [darwin]

  '@img/sharp-darwin-x64@0.33.5':
    resolution: {integrity: sha512-fyHac4jIc1ANYGRDxtiqelIbdWkIuQaI84Mv45KvGRRxSAa7o7d1ZKAOBaYbnepLC1WqxfpimdeWfvqqSGwR2Q==}
    engines: {node: ^18.17.0 || ^20.3.0 || >=21.0.0}
    cpu: [x64]
    os: [darwin]

  '@img/sharp-libvips-darwin-arm64@1.0.4':
    resolution: {integrity: sha512-XblONe153h0O2zuFfTAbQYAX2JhYmDHeWikp1LM9Hul9gVPjFY427k6dFEcOL72O01QxQsWi761svJ/ev9xEDg==}
    cpu: [arm64]
    os: [darwin]

  '@img/sharp-libvips-darwin-x64@1.0.4':
    resolution: {integrity: sha512-xnGR8YuZYfJGmWPvmlunFaWJsb9T/AO2ykoP3Fz/0X5XV2aoYBPkX6xqCQvUTKKiLddarLaxpzNe+b1hjeWHAQ==}
    cpu: [x64]
    os: [darwin]

  '@img/sharp-libvips-linux-arm64@1.0.4':
    resolution: {integrity: sha512-9B+taZ8DlyyqzZQnoeIvDVR/2F4EbMepXMc/NdVbkzsJbzkUjhXv/70GQJ7tdLA4YJgNP25zukcxpX2/SueNrA==}
    cpu: [arm64]
    os: [linux]

  '@img/sharp-libvips-linux-arm@1.0.5':
    resolution: {integrity: sha512-gvcC4ACAOPRNATg/ov8/MnbxFDJqf/pDePbBnuBDcjsI8PssmjoKMAz4LtLaVi+OnSb5FK/yIOamqDwGmXW32g==}
    cpu: [arm]
    os: [linux]

  '@img/sharp-libvips-linux-s390x@1.0.4':
    resolution: {integrity: sha512-u7Wz6ntiSSgGSGcjZ55im6uvTrOxSIS8/dgoVMoiGE9I6JAfU50yH5BoDlYA1tcuGS7g/QNtetJnxA6QEsCVTA==}
    cpu: [s390x]
    os: [linux]

  '@img/sharp-libvips-linux-x64@1.0.4':
    resolution: {integrity: sha512-MmWmQ3iPFZr0Iev+BAgVMb3ZyC4KeFc3jFxnNbEPas60e1cIfevbtuyf9nDGIzOaW9PdnDciJm+wFFaTlj5xYw==}
    cpu: [x64]
    os: [linux]

  '@img/sharp-libvips-linuxmusl-arm64@1.0.4':
    resolution: {integrity: sha512-9Ti+BbTYDcsbp4wfYib8Ctm1ilkugkA/uscUn6UXK1ldpC1JjiXbLfFZtRlBhjPZ5o1NCLiDbg8fhUPKStHoTA==}
    cpu: [arm64]
    os: [linux]

  '@img/sharp-libvips-linuxmusl-x64@1.0.4':
    resolution: {integrity: sha512-viYN1KX9m+/hGkJtvYYp+CCLgnJXwiQB39damAO7WMdKWlIhmYTfHjwSbQeUK/20vY154mwezd9HflVFM1wVSw==}
    cpu: [x64]
    os: [linux]

  '@img/sharp-linux-arm64@0.33.5':
    resolution: {integrity: sha512-JMVv+AMRyGOHtO1RFBiJy/MBsgz0x4AWrT6QoEVVTyh1E39TrCUpTRI7mx9VksGX4awWASxqCYLCV4wBZHAYxA==}
    engines: {node: ^18.17.0 || ^20.3.0 || >=21.0.0}
    cpu: [arm64]
    os: [linux]

  '@img/sharp-linux-arm@0.33.5':
    resolution: {integrity: sha512-JTS1eldqZbJxjvKaAkxhZmBqPRGmxgu+qFKSInv8moZ2AmT5Yib3EQ1c6gp493HvrvV8QgdOXdyaIBrhvFhBMQ==}
    engines: {node: ^18.17.0 || ^20.3.0 || >=21.0.0}
    cpu: [arm]
    os: [linux]

  '@img/sharp-linux-s390x@0.33.5':
    resolution: {integrity: sha512-y/5PCd+mP4CA/sPDKl2961b+C9d+vPAveS33s6Z3zfASk2j5upL6fXVPZi7ztePZ5CuH+1kW8JtvxgbuXHRa4Q==}
    engines: {node: ^18.17.0 || ^20.3.0 || >=21.0.0}
    cpu: [s390x]
    os: [linux]

  '@img/sharp-linux-x64@0.33.5':
    resolution: {integrity: sha512-opC+Ok5pRNAzuvq1AG0ar+1owsu842/Ab+4qvU879ippJBHvyY5n2mxF1izXqkPYlGuP/M556uh53jRLJmzTWA==}
    engines: {node: ^18.17.0 || ^20.3.0 || >=21.0.0}
    cpu: [x64]
    os: [linux]

  '@img/sharp-linuxmusl-arm64@0.33.5':
    resolution: {integrity: sha512-XrHMZwGQGvJg2V/oRSUfSAfjfPxO+4DkiRh6p2AFjLQztWUuY/o8Mq0eMQVIY7HJ1CDQUJlxGGZRw1a5bqmd1g==}
    engines: {node: ^18.17.0 || ^20.3.0 || >=21.0.0}
    cpu: [arm64]
    os: [linux]

  '@img/sharp-linuxmusl-x64@0.33.5':
    resolution: {integrity: sha512-WT+d/cgqKkkKySYmqoZ8y3pxx7lx9vVejxW/W4DOFMYVSkErR+w7mf2u8m/y4+xHe7yY9DAXQMWQhpnMuFfScw==}
    engines: {node: ^18.17.0 || ^20.3.0 || >=21.0.0}
    cpu: [x64]
    os: [linux]

  '@img/sharp-wasm32@0.33.5':
    resolution: {integrity: sha512-ykUW4LVGaMcU9lu9thv85CbRMAwfeadCJHRsg2GmeRa/cJxsVY9Rbd57JcMxBkKHag5U/x7TSBpScF4U8ElVzg==}
    engines: {node: ^18.17.0 || ^20.3.0 || >=21.0.0}
    cpu: [wasm32]

  '@img/sharp-win32-ia32@0.33.5':
    resolution: {integrity: sha512-T36PblLaTwuVJ/zw/LaH0PdZkRz5rd3SmMHX8GSmR7vtNSP5Z6bQkExdSK7xGWyxLw4sUknBuugTelgw2faBbQ==}
    engines: {node: ^18.17.0 || ^20.3.0 || >=21.0.0}
    cpu: [ia32]
    os: [win32]

  '@img/sharp-win32-x64@0.33.5':
    resolution: {integrity: sha512-MpY/o8/8kj+EcnxwvrP4aTJSWw/aZ7JIGR4aBeZkZw5B7/Jn+tY9/VNwtcoGmdT7GfggGIU4kygOMSbYnOrAbg==}
    engines: {node: ^18.17.0 || ^20.3.0 || >=21.0.0}
    cpu: [x64]
    os: [win32]

  '@mantine/core@7.13.3':
    resolution: {integrity: sha512-IV8xSr6rFQefKr2iOEhYYkJ6rZTDEp71qNkAfn90toSNjgT/2bgnqOxXwxqZ3bwo9DyNOAbEDzs1EfdIzln5aA==}
    peerDependencies:
      '@mantine/hooks': 7.13.3
      react: ^18.2.0
      react-dom: ^18.2.0

  '@mantine/form@7.13.4':
    resolution: {integrity: sha512-JzgUzzCpTmXeRxYs6iXM8fq7vOESrPC0Jk9nEgxu/5DO84Ah7ExthinTt4QiXityznXOOLl5U0BgG0j3aXEuew==}
    peerDependencies:
      react: ^18.2.0

  '@mantine/hooks@7.13.3':
    resolution: {integrity: sha512-r2c+Z8CdvPKFeOwg6mSJmxOp9K/ave5ZFR7eJbgv4wQU8K1CAS5f5ven9K5uUX8Vf9B5dFnSaSgYp9UY3vOWTw==}
    peerDependencies:
      react: ^18.2.0

  '@next/env@15.0.0':
    resolution: {integrity: sha512-Mcv8ZVmEgTO3bePiH/eJ7zHqQEs2gCqZ0UId2RxHmDDc7Pw6ngfSrOFlxG8XDpaex+n2G+TKPsQAf28MO+88Gw==}

  '@next/swc-darwin-arm64@15.0.0':
    resolution: {integrity: sha512-Gjgs3N7cFa40a9QT9AEHnuGKq69/bvIOn0SLGDV+ordq07QOP4k1GDOVedMHEjVeqy1HBLkL8rXnNTuMZIv79A==}
    engines: {node: '>= 10'}
    cpu: [arm64]
    os: [darwin]

  '@next/swc-darwin-x64@15.0.0':
    resolution: {integrity: sha512-BUtTvY5u9s5berAuOEydAUlVMjnl6ZjXS+xVrMt317mglYZ2XXjY8YRDCaz9vYMjBNPXH8Gh75Cew5CMdVbWTw==}
    engines: {node: '>= 10'}
    cpu: [x64]
    os: [darwin]

  '@next/swc-linux-arm64-gnu@15.0.0':
    resolution: {integrity: sha512-sbCoEpuWUBpYoLSgYrk0CkBv8RFv4ZlPxbwqRHr/BWDBJppTBtF53EvsntlfzQJ9fosYX12xnS6ltxYYwsMBjg==}
    engines: {node: '>= 10'}
    cpu: [arm64]
    os: [linux]

  '@next/swc-linux-arm64-musl@15.0.0':
    resolution: {integrity: sha512-JAw84qfL81aQCirXKP4VkgmhiDpXJupGjt8ITUkHrOVlBd+3h5kjfPva5M0tH2F9KKSgJQHEo3F5S5tDH9h2ww==}
    engines: {node: '>= 10'}
    cpu: [arm64]
    os: [linux]

  '@next/swc-linux-x64-gnu@15.0.0':
    resolution: {integrity: sha512-r5Smd03PfxrGKMewdRf2RVNA1CU5l2rRlvZLQYZSv7FUsXD5bKEcOZ/6/98aqRwL7diXOwD8TCWJk1NbhATQHg==}
    engines: {node: '>= 10'}
    cpu: [x64]
    os: [linux]

  '@next/swc-linux-x64-musl@15.0.0':
    resolution: {integrity: sha512-fM6qocafz4Xjhh79CuoQNeGPhDHGBBUbdVtgNFJOUM8Ih5ZpaDZlTvqvqsh5IoO06CGomxurEGqGz/4eR/FaMQ==}
    engines: {node: '>= 10'}
    cpu: [x64]
    os: [linux]

  '@next/swc-win32-arm64-msvc@15.0.0':
    resolution: {integrity: sha512-ZOd7c/Lz1lv7qP/KzR513XEa7QzW5/P0AH3A5eR1+Z/KmDOvMucht0AozccPc0TqhdV1xaXmC0Fdx0hoNzk6ng==}
    engines: {node: '>= 10'}
    cpu: [arm64]
    os: [win32]

  '@next/swc-win32-x64-msvc@15.0.0':
    resolution: {integrity: sha512-2RVWcLtsqg4LtaoJ3j7RoKpnWHgcrz5XvuUGE7vBYU2i6M2XeD9Y8RlLaF770LEIScrrl8MdWsp6odtC6sZccg==}
    engines: {node: '>= 10'}
    cpu: [x64]
    os: [win32]

  '@swc/counter@0.1.3':
    resolution: {integrity: sha512-e2BR4lsJkkRlKZ/qCHPw9ZaSxc0MVUd7gtbtaB7aMvHeJVYe8sOB8DBZkP2DtISHGSku9sCK6T6cnY0CtXrOCQ==}

  '@swc/helpers@0.5.13':
    resolution: {integrity: sha512-UoKGxQ3r5kYI9dALKJapMmuK+1zWM/H17Z1+iwnNmzcJRnfFuevZs375TA5rW31pu4BS4NoSy1fRsexDXfWn5w==}

  '@tabler/icons-react@3.20.0':
    resolution: {integrity: sha512-a47oaL48bb5Cx/WUVfg/NZrsWwFExrcDQO8thUZ7S6h/OQYFu7sm4E5pZsmUtGCjikB3lRzjtmMD+C4s7mr9yw==}
    peerDependencies:
      react: '>= 16'

  '@tabler/icons@3.20.0':
    resolution: {integrity: sha512-nXSeUzsCOxX/Of+kdUVQfxL9bG+ck8XCWNf9dGSpE+nhVexRwk/4HiDQDxFDysfT7vfgSut6GXnrZsU5M5dSlA==}

  '@types/node@20.16.14':
    resolution: {integrity: sha512-vtgGzjxLF7QT88qRHtXMzCWpAAmwonE7fwgVjFtXosUva2oSpnIEc3gNO9P7uIfOxKnii2f79/xtOnfreYtDaA==}

  '@types/prop-types@15.7.13':
    resolution: {integrity: sha512-hCZTSvwbzWGvhqxp/RqVqwU999pBf2vp7hzIjiYOsl8wqOmUxkQ6ddw1cV3l8811+kdUFus/q4d1Y3E3SyEifA==}

  '@types/react-dom@18.3.1':
    resolution: {integrity: sha512-qW1Mfv8taImTthu4KoXgDfLuk4bydU6Q/TkADnDWWHwi4NX4BR+LWfTp2sVmTqRrsHvyDDTelgelxJ+SsejKKQ==}

  '@types/react@18.3.11':
    resolution: {integrity: sha512-r6QZ069rFTjrEYgFdOck1gK7FLVsgJE7tTz0pQBczlBNUhBNk0MQH4UbnFSwjpQLMkLzgqvBBa+qGpLje16eTQ==}

  asynckit@0.4.0:
    resolution: {integrity: sha512-Oei9OH4tRh0YqU3GxhX79dM/mwVgvbZJaSNaRk+bshkj0S5cfHcgYakreBjrHwatXKbz+IoIdYLxrKim2MjW0Q==}

  axios@1.7.7:
    resolution: {integrity: sha512-S4kL7XrjgBmvdGut0sN3yJxqYzrDOnivkBiN0OFs6hLiUam3UPvswUo0kqGyhqUZGEOytHyumEdXsAkgCOUf3Q==}

  busboy@1.6.0:
    resolution: {integrity: sha512-8SFQbg/0hQ9xy3UNTB0YEnsNBbWfhf7RtnzpL7TkBiTBRfrQ9Fxcnz7VJsleJpyp6rVLvXiuORqjlHi5q+PYuA==}
    engines: {node: '>=10.16.0'}

  caniuse-lite@1.0.30001669:
    resolution: {integrity: sha512-DlWzFDJqstqtIVx1zeSpIMLjunf5SmwOw0N2Ck/QSQdS8PLS4+9HrLaYei4w8BIAL7IB/UEDu889d8vhCTPA0w==}

  client-only@0.0.1:
    resolution: {integrity: sha512-IV3Ou0jSMzZrd3pZ48nLkT9DA7Ag1pnPzaiQhpW7c3RbcqqzvzzVu+L8gfqMp/8IM2MQtSiqaCxrrcfu8I8rMA==}

  clsx@2.1.1:
    resolution: {integrity: sha512-eYm0QWBtUrBWZWG0d386OGAw16Z995PiOVo2B7bjWSbHedGl5e0ZWaq65kOGgUSNesEIDkB9ISbTg/JK9dhCZA==}
    engines: {node: '>=6'}

  color-convert@2.0.1:
    resolution: {integrity: sha512-RRECPsj7iu/xb5oKYcsFHSppFNnsj/52OVTRKb4zP5onXwVF3zVmmToNcOfGC+CRDpfK/U584fMg38ZHCaElKQ==}
    engines: {node: '>=7.0.0'}

  color-name@1.1.4:
    resolution: {integrity: sha512-dOy+3AuW3a2wNbZHIuMZpTcgjGuLU/uBL/ubcZF9OXbDo8ff4O8yVp5Bf0efS8uEoYo5q4Fx7dY9OgQGXgAsQA==}

  color-string@1.9.1:
    resolution: {integrity: sha512-shrVawQFojnZv6xM40anx4CkoDP+fZsw/ZerEMsW/pyzsRbElpsL/DBVW7q3ExxwusdNXI3lXpuhEZkzs8p5Eg==}

  color@4.2.3:
    resolution: {integrity: sha512-1rXeuUUiGGrykh+CeBdu5Ie7OJwinCgQY0bc7GCRxy5xVHy+moaqkpL/jqQq0MtQOeYcrqEz4abc5f0KtU7W4A==}
    engines: {node: '>=12.5.0'}

  combined-stream@1.0.8:
    resolution: {integrity: sha512-FQN4MRfuJeHf7cBbBMJFXhKSDq+2kAArBlmRBvcvFE5BB1HZKXtSFASDhdlz9zOYwxh8lDdnvmMOe/+5cdoEdg==}
    engines: {node: '>= 0.8'}

  csstype@3.1.3:
    resolution: {integrity: sha512-M1uQkMl8rQK/szD0LNhtqxIPLpimGm8sOBwU7lLnCpSbTyY3yeU1Vc7l4KT5zT4s/yOxHH5O7tIuuLOCnLADRw==}

  delayed-stream@1.0.0:
    resolution: {integrity: sha512-ZySD7Nf91aLB0RxL4KGrKHBXl7Eds1DAmEdcoVawXnLD7SDhpNgtuII2aAkg7a7QS41jxPSZ17p4VdGnMHk3MQ==}
    engines: {node: '>=0.4.0'}

  detect-libc@2.0.3:
    resolution: {integrity: sha512-bwy0MGW55bG41VqxxypOsdSdGqLwXPI/focwgTYCFMbdUiBAxLg9CFzG08sz2aqzknwiX7Hkl0bQENjg8iLByw==}
    engines: {node: '>=8'}

  detect-node-es@1.1.0:
    resolution: {integrity: sha512-ypdmJU/TbBby2Dxibuv7ZLW3Bs1QEmM7nHjEANfohJLvE0XVujisn1qPJcZxg+qDucsr+bP6fLD1rPS3AhJ7EQ==}

  fast-deep-equal@3.1.3:
    resolution: {integrity: sha512-f3qQ9oQy9j2AhBe/H9VC91wLmKBCCU/gDOnKNAYG5hswO7BLKj09Hc5HYNz9cGI++xlpDCIgDaitVs03ATR84Q==}

  follow-redirects@1.15.9:
    resolution: {integrity: sha512-gew4GsXizNgdoRyqmyfMHyAmXsZDk6mHkSxZFCzW9gwlbtOW44CDtYavM+y+72qD/Vq2l550kMF52DT8fOLJqQ==}
    engines: {node: '>=4.0'}
    peerDependencies:
      debug: '*'
    peerDependenciesMeta:
      debug:
        optional: true

  form-data@4.0.1:
    resolution: {integrity: sha512-tzN8e4TX8+kkxGPK8D5u0FNmjPUjw3lwC9lSLxxoB/+GtsJG91CO8bSWy73APlgAZzZbXEYZJuxjkHH2w+Ezhw==}
    engines: {node: '>= 6'}

  get-nonce@1.0.1:
    resolution: {integrity: sha512-FJhYRoDaiatfEkUK8HKlicmu/3SGFD51q3itKDGoSTysQJBnfOcxU5GxnhE1E6soB76MbT0MBtnKJuXyAx+96Q==}
    engines: {node: '>=6'}

  invariant@2.2.4:
    resolution: {integrity: sha512-phJfQVBuaJM5raOpJjSfkiD6BpbCE4Ns//LaXl6wGYtUBY83nWS6Rf9tXm2e8VaK60JEjYldbPif/A2B1C2gNA==}

  is-arrayish@0.3.2:
    resolution: {integrity: sha512-eVRqCvVlZbuw3GrM63ovNSNAeA1K16kaR/LRY/92w0zxQ5/1YzwblUX652i4Xs9RwAGjW9d9y6X88t8OaAJfWQ==}

  js-tokens@4.0.0:
    resolution: {integrity: sha512-RdJUflcE3cUzKiMqQgsCu06FPu9UdIJO0beYbPhHN4k6apgJtifcoCtT9bcxOpYBtpD2kCM6Sbzg4CausW/PKQ==}

  klona@2.0.6:
    resolution: {integrity: sha512-dhG34DXATL5hSxJbIexCft8FChFXtmskoZYnoPWjXQuebWYCNkVeV3KkGegCK9CP1oswI/vQibS2GY7Em/sJJA==}
    engines: {node: '>= 8'}

  loose-envify@1.4.0:
    resolution: {integrity: sha512-lyuxPGr/Wfhrlem2CL/UcnUc1zcqKAImBDzukY7Y5F/yQiNdko6+fRLevlw1HgMySw7f611UIY408EtxRSoK3Q==}
    hasBin: true

  mime-db@1.52.0:
    resolution: {integrity: sha512-sPU4uV7dYlvtWJxwwxHD0PuihVNiE7TyAbQ5SWxDCB9mUYvOgroQOwYQQOKPJ8CIbE+1ETVlOoK1UC2nU3gYvg==}
    engines: {node: '>= 0.6'}

  mime-types@2.1.35:
    resolution: {integrity: sha512-ZDY+bPm5zTTF+YpCrAU9nK0UgICYPT0QtT1NZWFv4s++TNkcgVaT0g6+4R2uI4MjQjzysHB1zxuWL50hzaeXiw==}
    engines: {node: '>= 0.6'}

  nanoid@3.3.7:
    resolution: {integrity: sha512-eSRppjcPIatRIMC1U6UngP8XFcz8MQWGQdt1MTBQ7NaAmvXDfvNxbvWV3x2y6CdEUciCSsDHDQZbhYaB8QEo2g==}
    engines: {node: ^10 || ^12 || ^13.7 || ^14 || >=15.0.1}
    hasBin: true

  next@15.0.0:
    resolution: {integrity: sha512-/ivqF6gCShXpKwY9hfrIQYh8YMge8L3W+w1oRLv/POmK4MOQnh+FscZ8a0fRFTSQWE+2z9ctNYvELD9vP2FV+A==}
    engines: {node: '>=18.18.0'}
    hasBin: true
    peerDependencies:
      '@opentelemetry/api': ^1.1.0
      '@playwright/test': ^1.41.2
      babel-plugin-react-compiler: '*'
      react: ^18.2.0 || 19.0.0-rc-65a56d0e-20241020
      react-dom: ^18.2.0 || 19.0.0-rc-65a56d0e-20241020
      sass: ^1.3.0
    peerDependenciesMeta:
      '@opentelemetry/api':
        optional: true
      '@playwright/test':
        optional: true
      babel-plugin-react-compiler:
        optional: true
      sass:
        optional: true

  picocolors@1.1.1:
    resolution: {integrity: sha512-xceH2snhtb5M9liqDsmEw56le376mTZkEX/jEb/RxNFyegNul7eNslCXP9FDj/Lcu0X8KEyMceP2ntpaHrDEVA==}

  postcss@8.4.31:
    resolution: {integrity: sha512-PS08Iboia9mts/2ygV3eLpY5ghnUcfLV/EXTOW1E2qYxJKGGBUtNjN76FYHnMs36RmARn41bC0AZmn+rR0OVpQ==}
    engines: {node: ^10 || ^12 || >=14}

  proxy-from-env@1.1.0:
    resolution: {integrity: sha512-D+zkORCbA9f1tdWRK0RaCR3GPv50cMxcrz4X8k5LTSUD1Dkw47mKJEZQNunItRTkWwgtaUSo1RVFRIG9ZXiFYg==}

  react-dom@19.0.0-rc-65a56d0e-20241020:
    resolution: {integrity: sha512-OrsgAX3LQ6JtdBJayK4nG1Hj5JebzWyhKSsrP/bmkeFxulb0nG2LaPloJ6kBkAxtgjiwRyGUciJ4+Qu64gy/KA==}
    peerDependencies:
      react: 19.0.0-rc-65a56d0e-20241020

  react-number-format@5.4.2:
    resolution: {integrity: sha512-cg//jVdS49PYDgmcYoBnMMHl4XNTMuV723ZnHD2aXYtWWWqbVF3hjQ8iB+UZEuXapLbeA8P8H+1o6ZB1lcw3vg==}
    peerDependencies:
      react: ^0.14 || ^15.0.0 || ^16.0.0 || ^17.0.0 || ^18.0.0
      react-dom: ^0.14 || ^15.0.0 || ^16.0.0 || ^17.0.0 || ^18.0.0

  react-remove-scroll-bar@2.3.6:
    resolution: {integrity: sha512-DtSYaao4mBmX+HDo5YWYdBWQwYIQQshUV/dVxFxK+KM26Wjwp1gZ6rv6OC3oujI6Bfu6Xyg3TwK533AQutsn/g==}
    engines: {node: '>=10'}
    peerDependencies:
      '@types/react': ^16.8.0 || ^17.0.0 || ^18.0.0
      react: ^16.8.0 || ^17.0.0 || ^18.0.0
    peerDependenciesMeta:
      '@types/react':
        optional: true

  react-remove-scroll@2.6.0:
    resolution: {integrity: sha512-I2U4JVEsQenxDAKaVa3VZ/JeJZe0/2DxPWL8Tj8yLKctQJQiZM52pn/GWFpSp8dftjM3pSAHVJZscAnC/y+ySQ==}
    engines: {node: '>=10'}
    peerDependencies:
      '@types/react': ^16.8.0 || ^17.0.0 || ^18.0.0
      react: ^16.8.0 || ^17.0.0 || ^18.0.0
    peerDependenciesMeta:
      '@types/react':
        optional: true

  react-style-singleton@2.2.1:
    resolution: {integrity: sha512-ZWj0fHEMyWkHzKYUr2Bs/4zU6XLmq9HsgBURm7g5pAVfyn49DgUiNgY2d4lXRlYSiCif9YBGpQleewkcqddc7g==}
    engines: {node: '>=10'}
    peerDependencies:
      '@types/react': ^16.8.0 || ^17.0.0 || ^18.0.0
      react: ^16.8.0 || ^17.0.0 || ^18.0.0
    peerDependenciesMeta:
      '@types/react':
        optional: true

  react-textarea-autosize@8.5.3:
    resolution: {integrity: sha512-XT1024o2pqCuZSuBt9FwHlaDeNtVrtCXu0Rnz88t1jUGheCLa3PhjE1GH8Ctm2axEtvdCl5SUHYschyQ0L5QHQ==}
    engines: {node: '>=10'}
    peerDependencies:
      react: ^16.8.0 || ^17.0.0 || ^18.0.0

  react@19.0.0-rc-65a56d0e-20241020:
    resolution: {integrity: sha512-rZqpfd9PP/A97j9L1MR6fvWSMgs3khgIyLd0E+gYoCcLrxXndj+ySPRVlDPDC3+f7rm8efHNL4B6HeapqU6gzw==}
    engines: {node: '>=0.10.0'}

  regenerator-runtime@0.14.1:
    resolution: {integrity: sha512-dYnhHh0nJoMfnkZs6GmmhFknAGRrLznOu5nc9ML+EJxGvrx6H7teuevqVqCuPcPK//3eDrrjQhehXVx9cnkGdw==}

  scheduler@0.25.0-rc-65a56d0e-20241020:
    resolution: {integrity: sha512-HxWcXSy0sNnf+TKRkMwyVD1z19AAVQ4gUub8m7VxJUUfSu3J4lr1T+AagohKEypiW5dbQhJuCtAumPY6z9RQ1g==}

  semver@7.6.3:
    resolution: {integrity: sha512-oVekP1cKtI+CTDvHWYFUcMtsK/00wmAEfyqKfNdARm8u1wNVhSgaX7A8d4UuIlUI5e84iEwOhs7ZPYRmzU9U6A==}
    engines: {node: '>=10'}
    hasBin: true

  sharp@0.33.5:
    resolution: {integrity: sha512-haPVm1EkS9pgvHrQ/F3Xy+hgcuMV0Wm9vfIBSiwZ05k+xgb0PkBQpGsAA/oWdDobNaZTH5ppvHtzCFbnSEwHVw==}
    engines: {node: ^18.17.0 || ^20.3.0 || >=21.0.0}

  simple-swizzle@0.2.2:
    resolution: {integrity: sha512-JA//kQgZtbuY83m+xT+tXJkmJncGMTFT+C+g2h2R9uxkYIrE2yy9sgmcLhCnw57/WSD+Eh3J97FPEDFnbXnDUg==}

  source-map-js@1.2.1:
    resolution: {integrity: sha512-UXWMKhLOwVKb728IUtQPXxfYU+usdybtUrK/8uGE8CQMvrhOpwvzDBwj0QhSL7MQc7vIsISBG8VQ8+IDQxpfQA==}
    engines: {node: '>=0.10.0'}

  streamsearch@1.1.0:
    resolution: {integrity: sha512-Mcc5wHehp9aXz1ax6bZUyY5afg9u2rv5cqQI3mRrYkGC8rW2hM02jWuwjtL++LS5qinSyhj2QfLyNsuc+VsExg==}
    engines: {node: '>=10.0.0'}

  styled-jsx@5.1.6:
    resolution: {integrity: sha512-qSVyDTeMotdvQYoHWLNGwRFJHC+i+ZvdBRYosOFgC+Wg1vx4frN2/RG/NA7SYqqvKNLf39P2LSRA2pu6n0XYZA==}
    engines: {node: '>= 12.0.0'}
    peerDependencies:
      '@babel/core': '*'
      babel-plugin-macros: '*'
      react: '>= 16.8.0 || 17.x.x || ^18.0.0-0 || ^19.0.0-0'
    peerDependenciesMeta:
      '@babel/core':
        optional: true
      babel-plugin-macros:
        optional: true

  tabbable@6.2.0:
    resolution: {integrity: sha512-Cat63mxsVJlzYvN51JmVXIgNoUokrIaT2zLclCXjRd8boZ0004U4KCs/sToJ75C6sdlByWxpYnb5Boif1VSFew==}

  tslib@2.8.0:
    resolution: {integrity: sha512-jWVzBLplnCmoaTr13V9dYbiQ99wvZRd0vNWaDRg+aVYRcjDF3nDksxFDE/+fkXnKhpnUUkmx5pK/v8mCtLVqZA==}

  type-fest@4.26.1:
    resolution: {integrity: sha512-yOGpmOAL7CkKe/91I5O3gPICmJNLJ1G4zFYVAsRHg7M64biSnPtRj0WNQt++bRkjYOqjWXrhnUw1utzmVErAdg==}
    engines: {node: '>=16'}

  typescript@5.6.3:
    resolution: {integrity: sha512-hjcS1mhfuyi4WW8IWtjP7brDrG2cuDZukyrYrSauoXGNgx0S7zceP07adYkJycEr56BOUTNPzbInooiN3fn1qw==}
    engines: {node: '>=14.17'}
    hasBin: true

  undici-types@6.19.8:
    resolution: {integrity: sha512-ve2KP6f/JnbPBFyobGHuerC9g1FYGn/F8n1LWTwNxCEzd6IfqTwUQcNXgEtmmQ6DlRrC1hrSrBnCZPokRrDHjw==}

  use-callback-ref@1.3.2:
    resolution: {integrity: sha512-elOQwe6Q8gqZgDA8mrh44qRTQqpIHDcZ3hXTLjBe1i4ph8XpNJnO+aQf3NaG+lriLopI4HMx9VjQLfPQ6vhnoA==}
    engines: {node: '>=10'}
    peerDependencies:
      '@types/react': ^16.8.0 || ^17.0.0 || ^18.0.0
      react: ^16.8.0 || ^17.0.0 || ^18.0.0
    peerDependenciesMeta:
      '@types/react':
        optional: true

  use-composed-ref@1.3.0:
    resolution: {integrity: sha512-GLMG0Jc/jiKov/3Ulid1wbv3r54K9HlMW29IWcDFPEqFkSO2nS0MuefWgMJpeHQ9YJeXDL3ZUF+P3jdXlZX/cQ==}
    peerDependencies:
      react: ^16.8.0 || ^17.0.0 || ^18.0.0

  use-isomorphic-layout-effect@1.1.2:
    resolution: {integrity: sha512-49L8yCO3iGT/ZF9QttjwLF/ZD9Iwto5LnH5LmEdk/6cFmXddqi2ulF0edxTwjj+7mqvpVVGQWvbXZdn32wRSHA==}
    peerDependencies:
      '@types/react': '*'
      react: ^16.8.0 || ^17.0.0 || ^18.0.0
    peerDependenciesMeta:
      '@types/react':
        optional: true

  use-latest@1.2.1:
    resolution: {integrity: sha512-xA+AVm/Wlg3e2P/JiItTziwS7FK92LWrDB0p+hgXloIMuVCeJJ8v6f0eeHyPZaJrM+usM1FkFfbNCrJGs8A/zw==}
    peerDependencies:
      '@types/react': '*'
      react: ^16.8.0 || ^17.0.0 || ^18.0.0
    peerDependenciesMeta:
      '@types/react':
        optional: true

  use-sidecar@1.1.2:
    resolution: {integrity: sha512-epTbsLuzZ7lPClpz2TyryBfztm7m+28DlEv2ZCQ3MDr5ssiwyOwGH/e5F9CkfWjJ1t4clvI58yF822/GUkjjhw==}
    engines: {node: '>=10'}
    peerDependencies:
      '@types/react': ^16.9.0 || ^17.0.0 || ^18.0.0
      react: ^16.8.0 || ^17.0.0 || ^18.0.0
    peerDependenciesMeta:
      '@types/react':
        optional: true

snapshots:

  '@babel/runtime@7.25.9':
    dependencies:
      regenerator-runtime: 0.14.1

  '@biomejs/biome@1.9.4':
    optionalDependencies:
      '@biomejs/cli-darwin-arm64': 1.9.4
      '@biomejs/cli-darwin-x64': 1.9.4
      '@biomejs/cli-linux-arm64': 1.9.4
      '@biomejs/cli-linux-arm64-musl': 1.9.4
      '@biomejs/cli-linux-x64': 1.9.4
      '@biomejs/cli-linux-x64-musl': 1.9.4
      '@biomejs/cli-win32-arm64': 1.9.4
      '@biomejs/cli-win32-x64': 1.9.4

  '@biomejs/cli-darwin-arm64@1.9.4':
    optional: true

  '@biomejs/cli-darwin-x64@1.9.4':
    optional: true

  '@biomejs/cli-linux-arm64-musl@1.9.4':
    optional: true

  '@biomejs/cli-linux-arm64@1.9.4':
    optional: true

  '@biomejs/cli-linux-x64-musl@1.9.4':
    optional: true

  '@biomejs/cli-linux-x64@1.9.4':
    optional: true

  '@biomejs/cli-win32-arm64@1.9.4':
    optional: true

  '@biomejs/cli-win32-x64@1.9.4':
    optional: true

  '@emnapi/runtime@1.3.1':
    dependencies:
      tslib: 2.8.0
    optional: true

  '@floating-ui/core@1.6.8':
    dependencies:
      '@floating-ui/utils': 0.2.8

  '@floating-ui/dom@1.6.11':
    dependencies:
      '@floating-ui/core': 1.6.8
      '@floating-ui/utils': 0.2.8

  '@floating-ui/react-dom@2.1.2(react-dom@19.0.0-rc-65a56d0e-20241020(react@19.0.0-rc-65a56d0e-20241020))(react@19.0.0-rc-65a56d0e-20241020)':
    dependencies:
      '@floating-ui/dom': 1.6.11
      react: 19.0.0-rc-65a56d0e-20241020
      react-dom: 19.0.0-rc-65a56d0e-20241020(react@19.0.0-rc-65a56d0e-20241020)

  '@floating-ui/react@0.26.25(react-dom@19.0.0-rc-65a56d0e-20241020(react@19.0.0-rc-65a56d0e-20241020))(react@19.0.0-rc-65a56d0e-20241020)':
    dependencies:
      '@floating-ui/react-dom': 2.1.2(react-dom@19.0.0-rc-65a56d0e-20241020(react@19.0.0-rc-65a56d0e-20241020))(react@19.0.0-rc-65a56d0e-20241020)
      '@floating-ui/utils': 0.2.8
      react: 19.0.0-rc-65a56d0e-20241020
      react-dom: 19.0.0-rc-65a56d0e-20241020(react@19.0.0-rc-65a56d0e-20241020)
      tabbable: 6.2.0

  '@floating-ui/utils@0.2.8': {}

  '@img/sharp-darwin-arm64@0.33.5':
    optionalDependencies:
      '@img/sharp-libvips-darwin-arm64': 1.0.4
    optional: true

  '@img/sharp-darwin-x64@0.33.5':
    optionalDependencies:
      '@img/sharp-libvips-darwin-x64': 1.0.4
    optional: true

  '@img/sharp-libvips-darwin-arm64@1.0.4':
    optional: true

  '@img/sharp-libvips-darwin-x64@1.0.4':
    optional: true

  '@img/sharp-libvips-linux-arm64@1.0.4':
    optional: true

  '@img/sharp-libvips-linux-arm@1.0.5':
    optional: true

  '@img/sharp-libvips-linux-s390x@1.0.4':
    optional: true

  '@img/sharp-libvips-linux-x64@1.0.4':
    optional: true

  '@img/sharp-libvips-linuxmusl-arm64@1.0.4':
    optional: true

  '@img/sharp-libvips-linuxmusl-x64@1.0.4':
    optional: true

  '@img/sharp-linux-arm64@0.33.5':
    optionalDependencies:
      '@img/sharp-libvips-linux-arm64': 1.0.4
    optional: true

  '@img/sharp-linux-arm@0.33.5':
    optionalDependencies:
      '@img/sharp-libvips-linux-arm': 1.0.5
    optional: true

  '@img/sharp-linux-s390x@0.33.5':
    optionalDependencies:
      '@img/sharp-libvips-linux-s390x': 1.0.4
    optional: true

  '@img/sharp-linux-x64@0.33.5':
    optionalDependencies:
      '@img/sharp-libvips-linux-x64': 1.0.4
    optional: true

  '@img/sharp-linuxmusl-arm64@0.33.5':
    optionalDependencies:
      '@img/sharp-libvips-linuxmusl-arm64': 1.0.4
    optional: true

  '@img/sharp-linuxmusl-x64@0.33.5':
    optionalDependencies:
      '@img/sharp-libvips-linuxmusl-x64': 1.0.4
    optional: true

  '@img/sharp-wasm32@0.33.5':
    dependencies:
      '@emnapi/runtime': 1.3.1
    optional: true

  '@img/sharp-win32-ia32@0.33.5':
    optional: true

  '@img/sharp-win32-x64@0.33.5':
    optional: true

  '@mantine/core@7.13.3(@mantine/hooks@7.13.3(react@19.0.0-rc-65a56d0e-20241020))(@types/react@18.3.11)(react-dom@19.0.0-rc-65a56d0e-20241020(react@19.0.0-rc-65a56d0e-20241020))(react@19.0.0-rc-65a56d0e-20241020)':
    dependencies:
      '@floating-ui/react': 0.26.25(react-dom@19.0.0-rc-65a56d0e-20241020(react@19.0.0-rc-65a56d0e-20241020))(react@19.0.0-rc-65a56d0e-20241020)
      '@mantine/hooks': 7.13.3(react@19.0.0-rc-65a56d0e-20241020)
      clsx: 2.1.1
      react: 19.0.0-rc-65a56d0e-20241020
      react-dom: 19.0.0-rc-65a56d0e-20241020(react@19.0.0-rc-65a56d0e-20241020)
      react-number-format: 5.4.2(react-dom@19.0.0-rc-65a56d0e-20241020(react@19.0.0-rc-65a56d0e-20241020))(react@19.0.0-rc-65a56d0e-20241020)
      react-remove-scroll: 2.6.0(@types/react@18.3.11)(react@19.0.0-rc-65a56d0e-20241020)
      react-textarea-autosize: 8.5.3(@types/react@18.3.11)(react@19.0.0-rc-65a56d0e-20241020)
      type-fest: 4.26.1
    transitivePeerDependencies:
      - '@types/react'

  '@mantine/form@7.13.4(react@19.0.0-rc-65a56d0e-20241020)':
    dependencies:
      fast-deep-equal: 3.1.3
      klona: 2.0.6
      react: 19.0.0-rc-65a56d0e-20241020

  '@mantine/hooks@7.13.3(react@19.0.0-rc-65a56d0e-20241020)':
    dependencies:
      react: 19.0.0-rc-65a56d0e-20241020

  '@next/env@15.0.0': {}

  '@next/swc-darwin-arm64@15.0.0':
    optional: true

  '@next/swc-darwin-x64@15.0.0':
    optional: true

  '@next/swc-linux-arm64-gnu@15.0.0':
    optional: true

  '@next/swc-linux-arm64-musl@15.0.0':
    optional: true

  '@next/swc-linux-x64-gnu@15.0.0':
    optional: true

  '@next/swc-linux-x64-musl@15.0.0':
    optional: true

  '@next/swc-win32-arm64-msvc@15.0.0':
    optional: true

  '@next/swc-win32-x64-msvc@15.0.0':
    optional: true

  '@swc/counter@0.1.3': {}

  '@swc/helpers@0.5.13':
    dependencies:
      tslib: 2.8.0

  '@tabler/icons-react@3.20.0(react@19.0.0-rc-65a56d0e-20241020)':
    dependencies:
      '@tabler/icons': 3.20.0
      react: 19.0.0-rc-65a56d0e-20241020

  '@tabler/icons@3.20.0': {}

  '@types/node@20.16.14':
    dependencies:
      undici-types: 6.19.8

  '@types/prop-types@15.7.13': {}

  '@types/react-dom@18.3.1':
    dependencies:
      '@types/react': 18.3.11

  '@types/react@18.3.11':
    dependencies:
      '@types/prop-types': 15.7.13
      csstype: 3.1.3

  asynckit@0.4.0: {}

  axios@1.7.7:
    dependencies:
      follow-redirects: 1.15.9
      form-data: 4.0.1
      proxy-from-env: 1.1.0
    transitivePeerDependencies:
      - debug

  busboy@1.6.0:
    dependencies:
      streamsearch: 1.1.0

  caniuse-lite@1.0.30001669: {}

  client-only@0.0.1: {}

  clsx@2.1.1: {}

  color-convert@2.0.1:
    dependencies:
      color-name: 1.1.4
    optional: true

  color-name@1.1.4:
    optional: true

  color-string@1.9.1:
    dependencies:
      color-name: 1.1.4
      simple-swizzle: 0.2.2
    optional: true

  color@4.2.3:
    dependencies:
      color-convert: 2.0.1
      color-string: 1.9.1
    optional: true

  combined-stream@1.0.8:
    dependencies:
      delayed-stream: 1.0.0

  csstype@3.1.3: {}

  delayed-stream@1.0.0: {}

  detect-libc@2.0.3:
    optional: true

  detect-node-es@1.1.0: {}

  fast-deep-equal@3.1.3: {}

  follow-redirects@1.15.9: {}

  form-data@4.0.1:
    dependencies:
      asynckit: 0.4.0
      combined-stream: 1.0.8
      mime-types: 2.1.35

  get-nonce@1.0.1: {}

  invariant@2.2.4:
    dependencies:
      loose-envify: 1.4.0

  is-arrayish@0.3.2:
    optional: true

  js-tokens@4.0.0: {}

  klona@2.0.6: {}

  loose-envify@1.4.0:
    dependencies:
      js-tokens: 4.0.0

  mime-db@1.52.0: {}

  mime-types@2.1.35:
    dependencies:
      mime-db: 1.52.0

  nanoid@3.3.7: {}

  next@15.0.0(react-dom@19.0.0-rc-65a56d0e-20241020(react@19.0.0-rc-65a56d0e-20241020))(react@19.0.0-rc-65a56d0e-20241020):
    dependencies:
      '@next/env': 15.0.0
      '@swc/counter': 0.1.3
      '@swc/helpers': 0.5.13
      busboy: 1.6.0
      caniuse-lite: 1.0.30001669
      postcss: 8.4.31
      react: 19.0.0-rc-65a56d0e-20241020
      react-dom: 19.0.0-rc-65a56d0e-20241020(react@19.0.0-rc-65a56d0e-20241020)
      styled-jsx: 5.1.6(react@19.0.0-rc-65a56d0e-20241020)
    optionalDependencies:
      '@next/swc-darwin-arm64': 15.0.0
      '@next/swc-darwin-x64': 15.0.0
      '@next/swc-linux-arm64-gnu': 15.0.0
      '@next/swc-linux-arm64-musl': 15.0.0
      '@next/swc-linux-x64-gnu': 15.0.0
      '@next/swc-linux-x64-musl': 15.0.0
      '@next/swc-win32-arm64-msvc': 15.0.0
      '@next/swc-win32-x64-msvc': 15.0.0
      sharp: 0.33.5
    transitivePeerDependencies:
      - '@babel/core'
      - babel-plugin-macros

  picocolors@1.1.1: {}

  postcss@8.4.31:
    dependencies:
      nanoid: 3.3.7
      picocolors: 1.1.1
      source-map-js: 1.2.1

  proxy-from-env@1.1.0: {}

  react-dom@19.0.0-rc-65a56d0e-20241020(react@19.0.0-rc-65a56d0e-20241020):
    dependencies:
      react: 19.0.0-rc-65a56d0e-20241020
      scheduler: 0.25.0-rc-65a56d0e-20241020

  react-number-format@5.4.2(react-dom@19.0.0-rc-65a56d0e-20241020(react@19.0.0-rc-65a56d0e-20241020))(react@19.0.0-rc-65a56d0e-20241020):
    dependencies:
      react: 19.0.0-rc-65a56d0e-20241020
      react-dom: 19.0.0-rc-65a56d0e-20241020(react@19.0.0-rc-65a56d0e-20241020)

  react-remove-scroll-bar@2.3.6(@types/react@18.3.11)(react@19.0.0-rc-65a56d0e-20241020):
    dependencies:
      react: 19.0.0-rc-65a56d0e-20241020
      react-style-singleton: 2.2.1(@types/react@18.3.11)(react@19.0.0-rc-65a56d0e-20241020)
      tslib: 2.8.0
    optionalDependencies:
      '@types/react': 18.3.11

  react-remove-scroll@2.6.0(@types/react@18.3.11)(react@19.0.0-rc-65a56d0e-20241020):
    dependencies:
      react: 19.0.0-rc-65a56d0e-20241020
      react-remove-scroll-bar: 2.3.6(@types/react@18.3.11)(react@19.0.0-rc-65a56d0e-20241020)
      react-style-singleton: 2.2.1(@types/react@18.3.11)(react@19.0.0-rc-65a56d0e-20241020)
      tslib: 2.8.0
      use-callback-ref: 1.3.2(@types/react@18.3.11)(react@19.0.0-rc-65a56d0e-20241020)
      use-sidecar: 1.1.2(@types/react@18.3.11)(react@19.0.0-rc-65a56d0e-20241020)
    optionalDependencies:
      '@types/react': 18.3.11

  react-style-singleton@2.2.1(@types/react@18.3.11)(react@19.0.0-rc-65a56d0e-20241020):
    dependencies:
      get-nonce: 1.0.1
      invariant: 2.2.4
      react: 19.0.0-rc-65a56d0e-20241020
      tslib: 2.8.0
    optionalDependencies:
      '@types/react': 18.3.11

  react-textarea-autosize@8.5.3(@types/react@18.3.11)(react@19.0.0-rc-65a56d0e-20241020):
    dependencies:
      '@babel/runtime': 7.25.9
      react: 19.0.0-rc-65a56d0e-20241020
      use-composed-ref: 1.3.0(react@19.0.0-rc-65a56d0e-20241020)
      use-latest: 1.2.1(@types/react@18.3.11)(react@19.0.0-rc-65a56d0e-20241020)
    transitivePeerDependencies:
      - '@types/react'

  react@19.0.0-rc-65a56d0e-20241020: {}

  regenerator-runtime@0.14.1: {}

  scheduler@0.25.0-rc-65a56d0e-20241020: {}

  semver@7.6.3:
    optional: true

  sharp@0.33.5:
    dependencies:
      color: 4.2.3
      detect-libc: 2.0.3
      semver: 7.6.3
    optionalDependencies:
      '@img/sharp-darwin-arm64': 0.33.5
      '@img/sharp-darwin-x64': 0.33.5
      '@img/sharp-libvips-darwin-arm64': 1.0.4
      '@img/sharp-libvips-darwin-x64': 1.0.4
      '@img/sharp-libvips-linux-arm': 1.0.5
      '@img/sharp-libvips-linux-arm64': 1.0.4
      '@img/sharp-libvips-linux-s390x': 1.0.4
      '@img/sharp-libvips-linux-x64': 1.0.4
      '@img/sharp-libvips-linuxmusl-arm64': 1.0.4
      '@img/sharp-libvips-linuxmusl-x64': 1.0.4
      '@img/sharp-linux-arm': 0.33.5
      '@img/sharp-linux-arm64': 0.33.5
      '@img/sharp-linux-s390x': 0.33.5
      '@img/sharp-linux-x64': 0.33.5
      '@img/sharp-linuxmusl-arm64': 0.33.5
      '@img/sharp-linuxmusl-x64': 0.33.5
      '@img/sharp-wasm32': 0.33.5
      '@img/sharp-win32-ia32': 0.33.5
      '@img/sharp-win32-x64': 0.33.5
    optional: true

  simple-swizzle@0.2.2:
    dependencies:
      is-arrayish: 0.3.2
    optional: true

  source-map-js@1.2.1: {}

  streamsearch@1.1.0: {}

  styled-jsx@5.1.6(react@19.0.0-rc-65a56d0e-20241020):
    dependencies:
      client-only: 0.0.1
      react: 19.0.0-rc-65a56d0e-20241020

  tabbable@6.2.0: {}

  tslib@2.8.0: {}

  type-fest@4.26.1: {}

  typescript@5.6.3: {}

  undici-types@6.19.8: {}

  use-callback-ref@1.3.2(@types/react@18.3.11)(react@19.0.0-rc-65a56d0e-20241020):
    dependencies:
      react: 19.0.0-rc-65a56d0e-20241020
      tslib: 2.8.0
    optionalDependencies:
      '@types/react': 18.3.11

  use-composed-ref@1.3.0(react@19.0.0-rc-65a56d0e-20241020):
    dependencies:
      react: 19.0.0-rc-65a56d0e-20241020

  use-isomorphic-layout-effect@1.1.2(@types/react@18.3.11)(react@19.0.0-rc-65a56d0e-20241020):
    dependencies:
      react: 19.0.0-rc-65a56d0e-20241020
    optionalDependencies:
      '@types/react': 18.3.11

  use-latest@1.2.1(@types/react@18.3.11)(react@19.0.0-rc-65a56d0e-20241020):
    dependencies:
      react: 19.0.0-rc-65a56d0e-20241020
      use-isomorphic-layout-effect: 1.1.2(@types/react@18.3.11)(react@19.0.0-rc-65a56d0e-20241020)
    optionalDependencies:
      '@types/react': 18.3.11

  use-sidecar@1.1.2(@types/react@18.3.11)(react@19.0.0-rc-65a56d0e-20241020):
    dependencies:
      detect-node-es: 1.1.0
      react: 19.0.0-rc-65a56d0e-20241020
      tslib: 2.8.0
    optionalDependencies:
      '@types/react': 18.3.11
